
Microsoft Visual Studio Solution File, Format Version 12.00
# Visual Studio Version 17
VisualStudioVersion = 17.7.34031.279
MinimumVisualStudioVersion = 10.0.40219.1
Project("{FAE04EC0-301F-11D3-BF4B-00C04F79EFBC}") = "lab1_cau2", "lab1_cau2\lab1_cau2.csproj", "{7CF361EC-3F99-4A12-AF56-3F6525845223}"
EndProject
Global
	GlobalSection(SolutionConfigurationPlatforms) = preSolution
		Debug|Any CPU = Debug|Any CPU
		Release|Any CPU = Release|Any CPU
	EndGlobalSection
	GlobalSection(ProjectConfigurationPlatforms) = postSolution
		{7CF361EC-3F99-4A12-AF56-3F6525845223}.Debug|Any CPU.ActiveCfg = Debug|Any CPU
		{7CF361EC-3F99-4A12-AF56-3F6525845223}.Debug|Any CPU.Build.0 = Debug|Any CPU
		{7CF361EC-3F99-4A12-AF56-3F6525845223}.Release|Any CPU.ActiveCfg = Release|Any CPU
		{7CF361EC-3F99-4A12-AF56-3F6525845223}.Release|Any CPU.Build.0 = Release|Any CPU
	EndGlobalSection
	GlobalSection(SolutionProperties) = preSolution
		HideSolutionNode = FALSE
	EndGlobalSection
	GlobalSection(ExtensibilityGlobals) = postSolution
		SolutionGuid = {B98B2359-4666-4F64-92CF-2857E881B18C}
	EndGlobalSection
EndGlobal
