
Microsoft Visual Studio Solution File, Format Version 12.00
# Visual Studio Version 17
VisualStudioVersion = 17.7.34031.279
MinimumVisualStudioVersion = 10.0.40219.1
Project("{FAE04EC0-301F-11D3-BF4B-00C04F79EFBC}") = "lab1_cau6", "lab1_cau6\lab1_cau6.csproj", "{C94DCB91-0025-4FB7-8AA4-68AACD371F33}"
EndProject
Global
	GlobalSection(SolutionConfigurationPlatforms) = preSolution
		Debug|Any CPU = Debug|Any CPU
		Release|Any CPU = Release|Any CPU
	EndGlobalSection
	GlobalSection(ProjectConfigurationPlatforms) = postSolution
		{C94DCB91-0025-4FB7-8AA4-68AACD371F33}.Debug|Any CPU.ActiveCfg = Debug|Any CPU
		{C94DCB91-0025-4FB7-8AA4-68AACD371F33}.Debug|Any CPU.Build.0 = Debug|Any CPU
		{C94DCB91-0025-4FB7-8AA4-68AACD371F33}.Release|Any CPU.ActiveCfg = Release|Any CPU
		{C94DCB91-0025-4FB7-8AA4-68AACD371F33}.Release|Any CPU.Build.0 = Release|Any CPU
	EndGlobalSection
	GlobalSection(SolutionProperties) = preSolution
		HideSolutionNode = FALSE
	EndGlobalSection
	GlobalSection(ExtensibilityGlobals) = postSolution
		SolutionGuid = {F212CC2A-1B03-4E74-BD34-FF0863D14FA5}
	EndGlobalSection
EndGlobal
